// !$*UTF8*$!
{
	archiveVersion = 1;
	classes = {
	};
	objectVersion = 60;
	objects = {

/* Begin PBXBuildFile section */
		49111BF02C251938009D66F8 /* AppDelegate.swift in Sources */ = {isa = PBXBuildFile; fileRef = 49111BEF2C251938009D66F8 /* AppDelegate.swift */; };
		49111BF22C251938009D66F8 /* SceneDelegate.swift in Sources */ = {isa = PBXBuildFile; fileRef = 49111BF12C251938009D66F8 /* SceneDelegate.swift */; };
		49111BF92C251939009D66F8 /* Assets.xcassets in Resources */ = {isa = PBXBuildFile; fileRef = 49111BF82C251939009D66F8 /* Assets.xcassets */; };
		49111C072C25193A009D66F8 /* SearchRepositoryViewModelTest.swift in Sources */ = {isa = PBXBuildFile; fileRef = 49111C062C25193A009D66F8 /* SearchRepositoryViewModelTest.swift */; };
		49111C112C25193A009D66F8 /* zozo_ios_engineer_codecheckUITests.swift in Sources */ = {isa = PBXBuildFile; fileRef = 49111C102C25193A009D66F8 /* zozo_ios_engineer_codecheckUITests.swift */; };
		49111C132C25193A009D66F8 /* zozo_ios_engineer_codecheckUITestsLaunchTests.swift in Sources */ = {isa = PBXBuildFile; fileRef = 49111C122C25193A009D66F8 /* zozo_ios_engineer_codecheckUITestsLaunchTests.swift */; };
		493468532DCB31C6001B6A95 /* RepositoryDetailViewController.swift in Sources */ = {isa = PBXBuildFile; fileRef = 493468522DCB31C6001B6A95 /* RepositoryDetailViewController.swift */; };
		493468562DCB3A8F001B6A95 /* Kingfisher in Frameworks */ = {isa = PBXBuildFile; productRef = 493468552DCB3A8F001B6A95 /* Kingfisher */; };
		49AC1FFE2DC324A30026D2F4 /* SnapKit in Frameworks */ = {isa = PBXBuildFile; productRef = 49AC1FFD2DC324A30026D2F4 /* SnapKit */; };
		49CD8F4E2C2A5F5700E78E9E /* SearchRepositoryViewController.swift in Sources */ = {isa = PBXBuildFile; fileRef = 49CD8F4D2C2A5F5700E78E9E /* SearchRepositoryViewController.swift */; };
		49CD8F502C2A719500E78E9E /* SearchRepositoryViewModel.swift in Sources */ = {isa = PBXBuildFile; fileRef = 49CD8F4F2C2A719500E78E9E /* SearchRepositoryViewModel.swift */; };
		49CD8F532C2E4BF100E78E9E /* HTTPMethod.swift in Sources */ = {isa = PBXBuildFile; fileRef = 49CD8F522C2E4BF100E78E9E /* HTTPMethod.swift */; };
		49CD8F552C2E4C4F00E78E9E /* APIRequestProtocol.swift in Sources */ = {isa = PBXBuildFile; fileRef = 49CD8F542C2E4C4F00E78E9E /* APIRequestProtocol.swift */; };
		49CD8F572C2E573700E78E9E /* APIClient.swift in Sources */ = {isa = PBXBuildFile; fileRef = 49CD8F562C2E573700E78E9E /* APIClient.swift */; };
		49CD8F592C2E581500E78E9E /* HTTPError.swift in Sources */ = {isa = PBXBuildFile; fileRef = 49CD8F582C2E581500E78E9E /* HTTPError.swift */; };
		49CD8F5B2C2E83CC00E78E9E /* SearchRepositoriesRequest.swift in Sources */ = {isa = PBXBuildFile; fileRef = 49CD8F5A2C2E83CC00E78E9E /* SearchRepositoriesRequest.swift */; };
		49CD8F5D2C2E83FE00E78E9E /* SearchRepositoriesResponse.swift in Sources */ = {isa = PBXBuildFile; fileRef = 49CD8F5C2C2E83FE00E78E9E /* SearchRepositoriesResponse.swift */; };
		49CD8F662C36A06B00E78E9E /* RepositoryViewCell.swift in Sources */ = {isa = PBXBuildFile; fileRef = 49CD8F652C36A06B00E78E9E /* RepositoryViewCell.swift */; };
/* End PBXBuildFile section */

/* Begin PBXContainerItemProxy section */
		49111C032C25193A009D66F8 /* PBXContainerItemProxy */ = {
			isa = PBXContainerItemProxy;
			containerPortal = 49111BE42C251938009D66F8 /* Project object */;
			proxyType = 1;
			remoteGlobalIDString = 49111BEB2C251938009D66F8;
			remoteInfo = "zozo-ios-engineer-codecheck";
		};
		49111C0D2C25193A009D66F8 /* PBXContainerItemProxy */ = {
			isa = PBXContainerItemProxy;
			containerPortal = 49111BE42C251938009D66F8 /* Project object */;
			proxyType = 1;
			remoteGlobalIDString = 49111BEB2C251938009D66F8;
			remoteInfo = "zozo-ios-engineer-codecheck";
		};
/* End PBXContainerItemProxy section */

/* Begin PBXFileReference section */
		49111BEC2C251938009D66F8 /* zozo-ios-engineer-codecheck.app */ = {isa = PBXFileReference; explicitFileType = wrapper.application; includeInIndex = 0; path = "zozo-ios-engineer-codecheck.app"; sourceTree = BUILT_PRODUCTS_DIR; };
		49111BEF2C251938009D66F8 /* AppDelegate.swift */ = {isa = PBXFileReference; lastKnownFileType = sourcecode.swift; path = AppDelegate.swift; sourceTree = "<group>"; };
		49111BF12C251938009D66F8 /* SceneDelegate.swift */ = {isa = PBXFileReference; lastKnownFileType = sourcecode.swift; path = SceneDelegate.swift; sourceTree = "<group>"; };
		49111BF82C251939009D66F8 /* Assets.xcassets */ = {isa = PBXFileReference; lastKnownFileType = folder.assetcatalog; path = Assets.xcassets; sourceTree = "<group>"; };
		49111BFD2C251939009D66F8 /* Info.plist */ = {isa = PBXFileReference; lastKnownFileType = text.plist.xml; path = Info.plist; sourceTree = "<group>"; };
		49111C022C25193A009D66F8 /* zozo-ios-engineer-codecheckTests.xctest */ = {isa = PBXFileReference; explicitFileType = wrapper.cfbundle; includeInIndex = 0; path = "zozo-ios-engineer-codecheckTests.xctest"; sourceTree = BUILT_PRODUCTS_DIR; };
		49111C062C25193A009D66F8 /* SearchRepositoryViewModelTest.swift */ = {isa = PBXFileReference; lastKnownFileType = sourcecode.swift; path = SearchRepositoryViewModelTest.swift; sourceTree = "<group>"; };
		49111C0C2C25193A009D66F8 /* zozo-ios-engineer-codecheckUITests.xctest */ = {isa = PBXFileReference; explicitFileType = wrapper.cfbundle; includeInIndex = 0; path = "zozo-ios-engineer-codecheckUITests.xctest"; sourceTree = BUILT_PRODUCTS_DIR; };
		49111C102C25193A009D66F8 /* zozo_ios_engineer_codecheckUITests.swift */ = {isa = PBXFileReference; lastKnownFileType = sourcecode.swift; path = zozo_ios_engineer_codecheckUITests.swift; sourceTree = "<group>"; };
		49111C122C25193A009D66F8 /* zozo_ios_engineer_codecheckUITestsLaunchTests.swift */ = {isa = PBXFileReference; lastKnownFileType = sourcecode.swift; path = zozo_ios_engineer_codecheckUITestsLaunchTests.swift; sourceTree = "<group>"; };
		493468522DCB31C6001B6A95 /* RepositoryDetailViewController.swift */ = {isa = PBXFileReference; lastKnownFileType = sourcecode.swift; path = RepositoryDetailViewController.swift; sourceTree = "<group>"; };
		49CD8F4D2C2A5F5700E78E9E /* SearchRepositoryViewController.swift */ = {isa = PBXFileReference; lastKnownFileType = sourcecode.swift; path = SearchRepositoryViewController.swift; sourceTree = "<group>"; };
		49CD8F4F2C2A719500E78E9E /* SearchRepositoryViewModel.swift */ = {isa = PBXFileReference; lastKnownFileType = sourcecode.swift; path = SearchRepositoryViewModel.swift; sourceTree = "<group>"; };
		49CD8F522C2E4BF100E78E9E /* HTTPMethod.swift */ = {isa = PBXFileReference; lastKnownFileType = sourcecode.swift; path = HTTPMethod.swift; sourceTree = "<group>"; };
		49CD8F542C2E4C4F00E78E9E /* APIRequestProtocol.swift */ = {isa = PBXFileReference; lastKnownFileType = sourcecode.swift; path = APIRequestProtocol.swift; sourceTree = "<group>"; };
		49CD8F562C2E573700E78E9E /* APIClient.swift */ = {isa = PBXFileReference; lastKnownFileType = sourcecode.swift; path = APIClient.swift; sourceTree = "<group>"; };
		49CD8F582C2E581500E78E9E /* HTTPError.swift */ = {isa = PBXFileReference; lastKnownFileType = sourcecode.swift; path = HTTPError.swift; sourceTree = "<group>"; };
		49CD8F5A2C2E83CC00E78E9E /* SearchRepositoriesRequest.swift */ = {isa = PBXFileReference; lastKnownFileType = sourcecode.swift; path = SearchRepositoriesRequest.swift; sourceTree = "<group>"; };
		49CD8F5C2C2E83FE00E78E9E /* SearchRepositoriesResponse.swift */ = {isa = PBXFileReference; lastKnownFileType = sourcecode.swift; path = SearchRepositoriesResponse.swift; sourceTree = "<group>"; };
		49CD8F652C36A06B00E78E9E /* RepositoryViewCell.swift */ = {isa = PBXFileReference; lastKnownFileType = sourcecode.swift; path = RepositoryViewCell.swift; sourceTree = "<group>"; };
/* End PBXFileReference section */

/* Begin PBXFrameworksBuildPhase section */
		49111BE92C251938009D66F8 /* Frameworks */ = {
			isa = PBXFrameworksBuildPhase;
			buildActionMask = 2147483647;
			files = (
				493468562DCB3A8F001B6A95 /* Kingfisher in Frameworks */,
				49AC1FFE2DC324A30026D2F4 /* SnapKit in Frameworks */,
			);
			runOnlyForDeploymentPostprocessing = 0;
		};
		49111BFF2C25193A009D66F8 /* Frameworks */ = {
			isa = PBXFrameworksBuildPhase;
			buildActionMask = 2147483647;
			files = (
			);
			runOnlyForDeploymentPostprocessing = 0;
		};
		49111C092C25193A009D66F8 /* Frameworks */ = {
			isa = PBXFrameworksBuildPhase;
			buildActionMask = 2147483647;
			files = (
			);
			runOnlyForDeploymentPostprocessing = 0;
		};
/* End PBXFrameworksBuildPhase section */

/* Begin PBXGroup section */
		49111BE32C251938009D66F8 = {
			isa = PBXGroup;
			children = (
				49111BEE2C251938009D66F8 /* zozo-ios-engineer-codecheck */,
				49111C052C25193A009D66F8 /* zozo-ios-engineer-codecheckTests */,
				49111C0F2C25193A009D66F8 /* zozo-ios-engineer-codecheckUITests */,
				49111BED2C251938009D66F8 /* Products */,
			);
			sourceTree = "<group>";
		};
		49111BED2C251938009D66F8 /* Products */ = {
			isa = PBXGroup;
			children = (
				49111BEC2C251938009D66F8 /* zozo-ios-engineer-codecheck.app */,
				49111C022C25193A009D66F8 /* zozo-ios-engineer-codecheckTests.xctest */,
				49111C0C2C25193A009D66F8 /* zozo-ios-engineer-codecheckUITests.xctest */,
			);
			name = Products;
			sourceTree = "<group>";
		};
		49111BEE2C251938009D66F8 /* zozo-ios-engineer-codecheck */ = {
			isa = PBXGroup;
			children = (
				49111BEF2C251938009D66F8 /* AppDelegate.swift */,
				49111BF12C251938009D66F8 /* SceneDelegate.swift */,
				49CD8F512C2E4B4300E78E9E /* Data */,
				49CD8F602C35252B00E78E9E /* Feature */,
				49111BF82C251939009D66F8 /* Assets.xcassets */,
				49111BFD2C251939009D66F8 /* Info.plist */,
			);
			path = "zozo-ios-engineer-codecheck";
			sourceTree = "<group>";
		};
		49111C052C25193A009D66F8 /* zozo-ios-engineer-codecheckTests */ = {
			isa = PBXGroup;
			children = (
				49111C062C25193A009D66F8 /* SearchRepositoryViewModelTest.swift */,
			);
			path = "zozo-ios-engineer-codecheckTests";
			sourceTree = "<group>";
		};
		49111C0F2C25193A009D66F8 /* zozo-ios-engineer-codecheckUITests */ = {
			isa = PBXGroup;
			children = (
				49111C102C25193A009D66F8 /* zozo_ios_engineer_codecheckUITests.swift */,
				49111C122C25193A009D66F8 /* zozo_ios_engineer_codecheckUITestsLaunchTests.swift */,
			);
			path = "zozo-ios-engineer-codecheckUITests";
			sourceTree = "<group>";
		};
		493468512DCB31AF001B6A95 /* RepositoryDetail */ = {
			isa = PBXGroup;
			children = (
				493468522DCB31C6001B6A95 /* RepositoryDetailViewController.swift */,
			);
			path = RepositoryDetail;
			sourceTree = "<group>";
		};
		49CD8F512C2E4B4300E78E9E /* Data */ = {
			isa = PBXGroup;
			children = (
				49CD8F5F2C31BA7300E78E9E /* Request */,
				49CD8F5E2C31BA6B00E78E9E /* Response */,
				49CD8F522C2E4BF100E78E9E /* HTTPMethod.swift */,
				49CD8F562C2E573700E78E9E /* APIClient.swift */,
				49CD8F582C2E581500E78E9E /* HTTPError.swift */,
			);
			path = Data;
			sourceTree = "<group>";
		};
		49CD8F5E2C31BA6B00E78E9E /* Response */ = {
			isa = PBXGroup;
			children = (
				49CD8F5C2C2E83FE00E78E9E /* SearchRepositoriesResponse.swift */,
			);
			path = Response;
			sourceTree = "<group>";
		};
		49CD8F5F2C31BA7300E78E9E /* Request */ = {
			isa = PBXGroup;
			children = (
				49CD8F542C2E4C4F00E78E9E /* APIRequestProtocol.swift */,
				49CD8F5A2C2E83CC00E78E9E /* SearchRepositoriesRequest.swift */,
			);
			path = Request;
			sourceTree = "<group>";
		};
		49CD8F602C35252B00E78E9E /* Feature */ = {
			isa = PBXGroup;
			children = (
				493468512DCB31AF001B6A95 /* RepositoryDetail */,
				49CD8F612C35253500E78E9E /* SearchRepository */,
			);
			path = Feature;
			sourceTree = "<group>";
		};
		49CD8F612C35253500E78E9E /* SearchRepository */ = {
			isa = PBXGroup;
			children = (
				49CD8F4F2C2A719500E78E9E /* SearchRepositoryViewModel.swift */,
				49CD8F4D2C2A5F5700E78E9E /* SearchRepositoryViewController.swift */,
				49CD8F652C36A06B00E78E9E /* RepositoryViewCell.swift */,
			);
			path = SearchRepository;
			sourceTree = "<group>";
		};
/* End PBXGroup section */

/* Begin PBXNativeTarget section */
		49111BEB2C251938009D66F8 /* zozo-ios-engineer-codecheck */ = {
			isa = PBXNativeTarget;
			buildConfigurationList = 49111C162C25193A009D66F8 /* Build configuration list for PBXNativeTarget "zozo-ios-engineer-codecheck" */;
			buildPhases = (
				49111BE82C251938009D66F8 /* Sources */,
				49111BE92C251938009D66F8 /* Frameworks */,
				49111BEA2C251938009D66F8 /* Resources */,
				49CD8F4C2C25522D00E78E9E /* Formatter and Linter */,
			);
			buildRules = (
			);
			dependencies = (
			);
			name = "zozo-ios-engineer-codecheck";
			packageProductDependencies = (
				49AC1FFD2DC324A30026D2F4 /* SnapKit */,
				493468552DCB3A8F001B6A95 /* Kingfisher */,
			);
			productName = "zozo-ios-engineer-codecheck";
			productReference = 49111BEC2C251938009D66F8 /* zozo-ios-engineer-codecheck.app */;
			productType = "com.apple.product-type.application";
		};
		49111C012C25193A009D66F8 /* zozo-ios-engineer-codecheckTests */ = {
			isa = PBXNativeTarget;
			buildConfigurationList = 49111C192C25193A009D66F8 /* Build configuration list for PBXNativeTarget "zozo-ios-engineer-codecheckTests" */;
			buildPhases = (
				49111BFE2C25193A009D66F8 /* Sources */,
				49111BFF2C25193A009D66F8 /* Frameworks */,
				49111C002C25193A009D66F8 /* Resources */,
			);
			buildRules = (
			);
			dependencies = (
				49111C042C25193A009D66F8 /* PBXTargetDependency */,
			);
			name = "zozo-ios-engineer-codecheckTests";
			productName = "zozo-ios-engineer-codecheckTests";
			productReference = 49111C022C25193A009D66F8 /* zozo-ios-engineer-codecheckTests.xctest */;
			productType = "com.apple.product-type.bundle.unit-test";
		};
		49111C0B2C25193A009D66F8 /* zozo-ios-engineer-codecheckUITests */ = {
			isa = PBXNativeTarget;
			buildConfigurationList = 49111C1C2C25193A009D66F8 /* Build configuration list for PBXNativeTarget "zozo-ios-engineer-codecheckUITests" */;
			buildPhases = (
				49111C082C25193A009D66F8 /* Sources */,
				49111C092C25193A009D66F8 /* Frameworks */,
				49111C0A2C25193A009D66F8 /* Resources */,
			);
			buildRules = (
			);
			dependencies = (
				49111C0E2C25193A009D66F8 /* PBXTargetDependency */,
			);
			name = "zozo-ios-engineer-codecheckUITests";
			productName = "zozo-ios-engineer-codecheckUITests";
			productReference = 49111C0C2C25193A009D66F8 /* zozo-ios-engineer-codecheckUITests.xctest */;
			productType = "com.apple.product-type.bundle.ui-testing";
		};
/* End PBXNativeTarget section */

/* Begin PBXProject section */
		49111BE42C251938009D66F8 /* Project object */ = {
			isa = PBXProject;
			attributes = {
				BuildIndependentTargetsInParallel = 1;
				LastSwiftUpdateCheck = 1520;
				LastUpgradeCheck = 1520;
				TargetAttributes = {
					49111BEB2C251938009D66F8 = {
						CreatedOnToolsVersion = 15.2;
					};
					49111C012C25193A009D66F8 = {
						CreatedOnToolsVersion = 15.2;
						TestTargetID = 49111BEB2C251938009D66F8;
					};
					49111C0B2C25193A009D66F8 = {
						CreatedOnToolsVersion = 15.2;
						TestTargetID = 49111BEB2C251938009D66F8;
					};
				};
			};
			buildConfigurationList = 49111BE72C251938009D66F8 /* Build configuration list for PBXProject "zozo-ios-engineer-codecheck" */;
			compatibilityVersion = "Xcode 15.0";
			developmentRegion = en;
			hasScannedForEncodings = 0;
			knownRegions = (
				en,
				Base,
			);
			mainGroup = 49111BE32C251938009D66F8;
			packageReferences = (
				49AC1FFC2DC324A30026D2F4 /* XCRemoteSwiftPackageReference "SnapKit" */,
				493468542DCB3A8F001B6A95 /* XCRemoteSwiftPackageReference "Kingfisher" */,
			);
			productRefGroup = 49111BED2C251938009D66F8 /* Products */;
			projectDirPath = "";
			projectRoot = "";
			targets = (
				49111BEB2C251938009D66F8 /* zozo-ios-engineer-codecheck */,
				49111C012C25193A009D66F8 /* zozo-ios-engineer-codecheckTests */,
				49111C0B2C25193A009D66F8 /* zozo-ios-engineer-codecheckUITests */,
			);
		};
/* End PBXProject section */

/* Begin PBXResourcesBuildPhase section */
		49111BEA2C251938009D66F8 /* Resources */ = {
			isa = PBXResourcesBuildPhase;
			buildActionMask = 2147483647;
			files = (
				49111BF92C251939009D66F8 /* Assets.xcassets in Resources */,
			);
			runOnlyForDeploymentPostprocessing = 0;
		};
		49111C002C25193A009D66F8 /* Resources */ = {
			isa = PBXResourcesBuildPhase;
			buildActionMask = 2147483647;
			files = (
			);
			runOnlyForDeploymentPostprocessing = 0;
		};
		49111C0A2C25193A009D66F8 /* Resources */ = {
			isa = PBXResourcesBuildPhase;
			buildActionMask = 2147483647;
			files = (
			);
			runOnlyForDeploymentPostprocessing = 0;
		};
/* End PBXResourcesBuildPhase section */

/* Begin PBXShellScriptBuildPhase section */
		49CD8F4C2C25522D00E78E9E /* Formatter and Linter */ = {
			isa = PBXShellScriptBuildPhase;
			alwaysOutOfDate = 1;
			buildActionMask = 12;
			files = (
			);
			inputFileListPaths = (
			);
			inputPaths = (
			);
			name = "Formatter and Linter";
			outputFileListPaths = (
			);
			outputPaths = (
			);
			runOnlyForDeploymentPostprocessing = 0;
			shellPath = /bin/sh;
			shellScript = "# TODO\n#   - $ brew install swiftlint\n\n# for Apple Silicon Mac (M1〜)\n# https://zenn.dev/muhiro12/articles/swiftlint-m1-issue\nexport PATH=/opt/homebrew/bin/:$PATH\n\nif which swiftlint >/dev/null; then\n    swiftlint --fix   # formatter\n    swiftlint         # linter\nelse\n  echo \"warning: SwiftLint not installed, download from https://github.com/realm/SwiftLint\"\nfi\n";
		};
/* End PBXShellScriptBuildPhase section */

/* Begin PBXSourcesBuildPhase section */
		49111BE82C251938009D66F8 /* Sources */ = {
			isa = PBXSourcesBuildPhase;
			buildActionMask = 2147483647;
			files = (
				49CD8F502C2A719500E78E9E /* SearchRepositoryViewModel.swift in Sources */,
				493468532DCB31C6001B6A95 /* RepositoryDetailViewController.swift in Sources */,
				49CD8F5B2C2E83CC00E78E9E /* SearchRepositoriesRequest.swift in Sources */,
				49CD8F572C2E573700E78E9E /* APIClient.swift in Sources */,
				49CD8F592C2E581500E78E9E /* HTTPError.swift in Sources */,
				49CD8F5D2C2E83FE00E78E9E /* SearchRepositoriesResponse.swift in Sources */,
				49CD8F4E2C2A5F5700E78E9E /* SearchRepositoryViewController.swift in Sources */,
				49CD8F662C36A06B00E78E9E /* RepositoryViewCell.swift in Sources */,
				49111BF02C251938009D66F8 /* AppDelegate.swift in Sources */,
				49CD8F532C2E4BF100E78E9E /* HTTPMethod.swift in Sources */,
				49CD8F552C2E4C4F00E78E9E /* APIRequestProtocol.swift in Sources */,
				49111BF22C251938009D66F8 /* SceneDelegate.swift in Sources */,
			);
			runOnlyForDeploymentPostprocessing = 0;
		};
		49111BFE2C25193A009D66F8 /* Sources */ = {
			isa = PBXSourcesBuildPhase;
			buildActionMask = 2147483647;
			files = (
				49111C072C25193A009D66F8 /* SearchRepositoryViewModelTest.swift in Sources */,
			);
			runOnlyForDeploymentPostprocessing = 0;
		};
		49111C082C25193A009D66F8 /* Sources */ = {
			isa = PBXSourcesBuildPhase;
			buildActionMask = 2147483647;
			files = (
				49111C112C25193A009D66F8 /* zozo_ios_engineer_codecheckUITests.swift in Sources */,
				49111C132C25193A009D66F8 /* zozo_ios_engineer_codecheckUITestsLaunchTests.swift in Sources */,
			);
			runOnlyForDeploymentPostprocessing = 0;
		};
/* End PBXSourcesBuildPhase section */

/* Begin PBXTargetDependency section */
		49111C042C25193A009D66F8 /* PBXTargetDependency */ = {
			isa = PBXTargetDependency;
			target = 49111BEB2C251938009D66F8 /* zozo-ios-engineer-codecheck */;
			targetProxy = 49111C032C25193A009D66F8 /* PBXContainerItemProxy */;
		};
		49111C0E2C25193A009D66F8 /* PBXTargetDependency */ = {
			isa = PBXTargetDependency;
			target = 49111BEB2C251938009D66F8 /* zozo-ios-engineer-codecheck */;
			targetProxy = 49111C0D2C25193A009D66F8 /* PBXContainerItemProxy */;
		};
/* End PBXTargetDependency section */

/* Begin XCBuildConfiguration section */
		49111C142C25193A009D66F8 /* Debug */ = {
			isa = XCBuildConfiguration;
			buildSettings = {
				ALWAYS_SEARCH_USER_PATHS = NO;
				ASSETCATALOG_COMPILER_GENERATE_SWIFT_ASSET_SYMBOL_EXTENSIONS = YES;
				CLANG_ANALYZER_NONNULL = YES;
				CLANG_ANALYZER_NUMBER_OBJECT_CONVERSION = YES_AGGRESSIVE;
				CLANG_CXX_LANGUAGE_STANDARD = "gnu++20";
				CLANG_ENABLE_MODULES = YES;
				CLANG_ENABLE_OBJC_ARC = YES;
				CLANG_ENABLE_OBJC_WEAK = YES;
				CLANG_WARN_BLOCK_CAPTURE_AUTORELEASING = YES;
				CLANG_WARN_BOOL_CONVERSION = YES;
				CLANG_WARN_COMMA = YES;
				CLANG_WARN_CONSTANT_CONVERSION = YES;
				CLANG_WARN_DEPRECATED_OBJC_IMPLEMENTATIONS = YES;
				CLANG_WARN_DIRECT_OBJC_ISA_USAGE = YES_ERROR;
				CLANG_WARN_DOCUMENTATION_COMMENTS = YES;
				CLANG_WARN_EMPTY_BODY = YES;
				CLANG_WARN_ENUM_CONVERSION = YES;
				CLANG_WARN_INFINITE_RECURSION = YES;
				CLANG_WARN_INT_CONVERSION = YES;
				CLANG_WARN_NON_LITERAL_NULL_CONVERSION = YES;
				CLANG_WARN_OBJC_IMPLICIT_RETAIN_SELF = YES;
				CLANG_WARN_OBJC_LITERAL_CONVERSION = YES;
				CLANG_WARN_OBJC_ROOT_CLASS = YES_ERROR;
				CLANG_WARN_QUOTED_INCLUDE_IN_FRAMEWORK_HEADER = YES;
				CLANG_WARN_RANGE_LOOP_ANALYSIS = YES;
				CLANG_WARN_STRICT_PROTOTYPES = YES;
				CLANG_WARN_SUSPICIOUS_MOVE = YES;
				CLANG_WARN_UNGUARDED_AVAILABILITY = YES_AGGRESSIVE;
				CLANG_WARN_UNREACHABLE_CODE = YES;
				CLANG_WARN__DUPLICATE_METHOD_MATCH = YES;
				COPY_PHASE_STRIP = NO;
				DEBUG_INFORMATION_FORMAT = dwarf;
				ENABLE_STRICT_OBJC_MSGSEND = YES;
				ENABLE_TESTABILITY = YES;
				ENABLE_USER_SCRIPT_SANDBOXING = NO;
				GCC_C_LANGUAGE_STANDARD = gnu17;
				GCC_DYNAMIC_NO_PIC = NO;
				GCC_NO_COMMON_BLOCKS = YES;
				GCC_OPTIMIZATION_LEVEL = 0;
				GCC_PREPROCESSOR_DEFINITIONS = (
					"DEBUG=1",
					"$(inherited)",
				);
				GCC_WARN_64_TO_32_BIT_CONVERSION = YES;
				GCC_WARN_ABOUT_RETURN_TYPE = YES_ERROR;
				GCC_WARN_UNDECLARED_SELECTOR = YES;
				GCC_WARN_UNINITIALIZED_AUTOS = YES_AGGRESSIVE;
				GCC_WARN_UNUSED_FUNCTION = YES;
				GCC_WARN_UNUSED_VARIABLE = YES;
				IPHONEOS_DEPLOYMENT_TARGET = 17.0;
				LOCALIZATION_PREFERS_STRING_CATALOGS = YES;
				MTL_ENABLE_DEBUG_INFO = INCLUDE_SOURCE;
				MTL_FAST_MATH = YES;
				ONLY_ACTIVE_ARCH = YES;
				SDKROOT = iphoneos;
				SWIFT_ACTIVE_COMPILATION_CONDITIONS = "DEBUG $(inherited)";
				SWIFT_OPTIMIZATION_LEVEL = "-Onone";
			};
			name = Debug;
		};
		49111C152C25193A009D66F8 /* Release */ = {
			isa = XCBuildConfiguration;
			buildSettings = {
				ALWAYS_SEARCH_USER_PATHS = NO;
				ASSETCATALOG_COMPILER_GENERATE_SWIFT_ASSET_SYMBOL_EXTENSIONS = YES;
				CLANG_ANALYZER_NONNULL = YES;
				CLANG_ANALYZER_NUMBER_OBJECT_CONVERSION = YES_AGGRESSIVE;
				CLANG_CXX_LANGUAGE_STANDARD = "gnu++20";
				CLANG_ENABLE_MODULES = YES;
				CLANG_ENABLE_OBJC_ARC = YES;
				CLANG_ENABLE_OBJC_WEAK = YES;
				CLANG_WARN_BLOCK_CAPTURE_AUTORELEASING = YES;
				CLANG_WARN_BOOL_CONVERSION = YES;
				CLANG_WARN_COMMA = YES;
				CLANG_WARN_CONSTANT_CONVERSION = YES;
				CLANG_WARN_DEPRECATED_OBJC_IMPLEMENTATIONS = YES;
				CLANG_WARN_DIRECT_OBJC_ISA_USAGE = YES_ERROR;
				CLANG_WARN_DOCUMENTATION_COMMENTS = YES;
				CLANG_WARN_EMPTY_BODY = YES;
				CLANG_WARN_ENUM_CONVERSION = YES;
				CLANG_WARN_INFINITE_RECURSION = YES;
				CLANG_WARN_INT_CONVERSION = YES;
				CLANG_WARN_NON_LITERAL_NULL_CONVERSION = YES;
				CLANG_WARN_OBJC_IMPLICIT_RETAIN_SELF = YES;
				CLANG_WARN_OBJC_LITERAL_CONVERSION = YES;
				CLANG_WARN_OBJC_ROOT_CLASS = YES_ERROR;
				CLANG_WARN_QUOTED_INCLUDE_IN_FRAMEWORK_HEADER = YES;
				CLANG_WARN_RANGE_LOOP_ANALYSIS = YES;
				CLANG_WARN_STRICT_PROTOTYPES = YES;
				CLANG_WARN_SUSPICIOUS_MOVE = YES;
				CLANG_WARN_UNGUARDED_AVAILABILITY = YES_AGGRESSIVE;
				CLANG_WARN_UNREACHABLE_CODE = YES;
				CLANG_WARN__DUPLICATE_METHOD_MATCH = YES;
				COPY_PHASE_STRIP = NO;
				DEBUG_INFORMATION_FORMAT = "dwarf-with-dsym";
				ENABLE_NS_ASSERTIONS = NO;
				ENABLE_STRICT_OBJC_MSGSEND = YES;
				ENABLE_USER_SCRIPT_SANDBOXING = NO;
				GCC_C_LANGUAGE_STANDARD = gnu17;
				GCC_NO_COMMON_BLOCKS = YES;
				GCC_WARN_64_TO_32_BIT_CONVERSION = YES;
				GCC_WARN_ABOUT_RETURN_TYPE = YES_ERROR;
				GCC_WARN_UNDECLARED_SELECTOR = YES;
				GCC_WARN_UNINITIALIZED_AUTOS = YES_AGGRESSIVE;
				GCC_WARN_UNUSED_FUNCTION = YES;
				GCC_WARN_UNUSED_VARIABLE = YES;
				IPHONEOS_DEPLOYMENT_TARGET = 17.0;
				LOCALIZATION_PREFERS_STRING_CATALOGS = YES;
				MTL_ENABLE_DEBUG_INFO = NO;
				MTL_FAST_MATH = YES;
				SDKROOT = iphoneos;
				SWIFT_COMPILATION_MODE = wholemodule;
				VALIDATE_PRODUCT = YES;
			};
			name = Release;
		};
		49111C172C25193A009D66F8 /* Debug */ = {
			isa = XCBuildConfiguration;
			buildSettings = {
				ASSETCATALOG_COMPILER_APPICON_NAME = AppIcon;
				ASSETCATALOG_COMPILER_GLOBAL_ACCENT_COLOR_NAME = AccentColor;
				CODE_SIGN_STYLE = Automatic;
				CURRENT_PROJECT_VERSION = 1;
				DEVELOPMENT_TEAM = BR3T8YBB5L;
				ENABLE_USER_SCRIPT_SANDBOXING = NO;
				GENERATE_INFOPLIST_FILE = YES;
				INFOPLIST_FILE = "zozo-ios-engineer-codecheck/Info.plist";
				INFOPLIST_KEY_UIApplicationSupportsIndirectInputEvents = YES;
				INFOPLIST_KEY_UILaunchStoryboardName = LaunchScreen;
				INFOPLIST_KEY_UISupportedInterfaceOrientations_iPad = "UIInterfaceOrientationPortrait UIInterfaceOrientationPortraitUpsideDown UIInterfaceOrientationLandscapeLeft UIInterfaceOrientationLandscapeRight";
				INFOPLIST_KEY_UISupportedInterfaceOrientations_iPhone = "UIInterfaceOrientationPortrait UIInterfaceOrientationLandscapeLeft UIInterfaceOrientationLandscapeRight";
				IPHONEOS_DEPLOYMENT_TARGET = 15.5;
				LD_RUNPATH_SEARCH_PATHS = (
					"$(inherited)",
					"@executable_path/Frameworks",
				);
				MARKETING_VERSION = 1.0;
				PRODUCT_BUNDLE_IDENTIFIER = "hamadayuuki.zozo-ios-engineer-codecheck";
				PRODUCT_NAME = "$(TARGET_NAME)";
				SWIFT_COMPILATION_MODE = singlefile;
				SWIFT_EMIT_LOC_STRINGS = YES;
				SWIFT_STRICT_CONCURRENCY = complete;
				SWIFT_VERSION = 5.0;
				TARGETED_DEVICE_FAMILY = "1,2";
			};
			name = Debug;
		};
		49111C182C25193A009D66F8 /* Release */ = {
			isa = XCBuildConfiguration;
			buildSettings = {
				ASSETCATALOG_COMPILER_APPICON_NAME = AppIcon;
				ASSETCATALOG_COMPILER_GLOBAL_ACCENT_COLOR_NAME = AccentColor;
				CODE_SIGN_STYLE = Automatic;
				CURRENT_PROJECT_VERSION = 1;
				DEVELOPMENT_TEAM = BR3T8YBB5L;
				ENABLE_USER_SCRIPT_SANDBOXING = NO;
				GENERATE_INFOPLIST_FILE = YES;
				INFOPLIST_FILE = "zozo-ios-engineer-codecheck/Info.plist";
				INFOPLIST_KEY_UIApplicationSupportsIndirectInputEvents = YES;
				INFOPLIST_KEY_UILaunchStoryboardName = LaunchScreen;
				INFOPLIST_KEY_UISupportedInterfaceOrientations_iPad = "UIInterfaceOrientationPortrait UIInterfaceOrientationPortraitUpsideDown UIInterfaceOrientationLandscapeLeft UIInterfaceOrientationLandscapeRight";
				INFOPLIST_KEY_UISupportedInterfaceOrientations_iPhone = "UIInterfaceOrientationPortrait UIInterfaceOrientationLandscapeLeft UIInterfaceOrientationLandscapeRight";
				IPHONEOS_DEPLOYMENT_TARGET = 15.5;
				LD_RUNPATH_SEARCH_PATHS = (
					"$(inherited)",
					"@executable_path/Frameworks",
				);
				MARKETING_VERSION = 1.0;
				PRODUCT_BUNDLE_IDENTIFIER = "hamadayuuki.zozo-ios-engineer-codecheck";
				PRODUCT_NAME = "$(TARGET_NAME)";
				SWIFT_COMPILATION_MODE = singlefile;
				SWIFT_EMIT_LOC_STRINGS = YES;
				SWIFT_STRICT_CONCURRENCY = complete;
				SWIFT_VERSION = 5.0;
				TARGETED_DEVICE_FAMILY = "1,2";
			};
			name = Release;
		};
		49111C1A2C25193A009D66F8 /* Debug */ = {
			isa = XCBuildConfiguration;
			buildSettings = {
				ALWAYS_EMBED_SWIFT_STANDARD_LIBRARIES = YES;
				BUNDLE_LOADER = "$(TEST_HOST)";
				CODE_SIGN_STYLE = Automatic;
				CURRENT_PROJECT_VERSION = 1;
				DEVELOPMENT_TEAM = BR3T8YBB5L;
				GENERATE_INFOPLIST_FILE = YES;
				IPHONEOS_DEPLOYMENT_TARGET = 17.2;
				MARKETING_VERSION = 1.0;
				PRODUCT_BUNDLE_IDENTIFIER = "hamadayuuki.zozo-ios-engineer-codecheckTests";
				PRODUCT_NAME = "$(TARGET_NAME)";
				SWIFT_EMIT_LOC_STRINGS = NO;
				SWIFT_VERSION = 5.0;
				TARGETED_DEVICE_FAMILY = "1,2";
				TEST_HOST = "$(BUILT_PRODUCTS_DIR)/zozo-ios-engineer-codecheck.app/$(BUNDLE_EXECUTABLE_FOLDER_PATH)/zozo-ios-engineer-codecheck";
			};
			name = Debug;
		};
		49111C1B2C25193A009D66F8 /* Release */ = {
			isa = XCBuildConfiguration;
			buildSettings = {
				ALWAYS_EMBED_SWIFT_STANDARD_LIBRARIES = YES;
				BUNDLE_LOADER = "$(TEST_HOST)";
				CODE_SIGN_STYLE = Automatic;
				CURRENT_PROJECT_VERSION = 1;
				DEVELOPMENT_TEAM = BR3T8YBB5L;
				GENERATE_INFOPLIST_FILE = YES;
				IPHONEOS_DEPLOYMENT_TARGET = 17.2;
				MARKETING_VERSION = 1.0;
				PRODUCT_BUNDLE_IDENTIFIER = "hamadayuuki.zozo-ios-engineer-codecheckTests";
				PRODUCT_NAME = "$(TARGET_NAME)";
				SWIFT_EMIT_LOC_STRINGS = NO;
				SWIFT_VERSION = 5.0;
				TARGETED_DEVICE_FAMILY = "1,2";
				TEST_HOST = "$(BUILT_PRODUCTS_DIR)/zozo-ios-engineer-codecheck.app/$(BUNDLE_EXECUTABLE_FOLDER_PATH)/zozo-ios-engineer-codecheck";
			};
			name = Release;
		};
		49111C1D2C25193A009D66F8 /* Debug */ = {
			isa = XCBuildConfiguration;
			buildSettings = {
				ALWAYS_EMBED_SWIFT_STANDARD_LIBRARIES = YES;
				CODE_SIGN_STYLE = Automatic;
				CURRENT_PROJECT_VERSION = 1;
				DEVELOPMENT_TEAM = BR3T8YBB5L;
				GENERATE_INFOPLIST_FILE = YES;
				MARKETING_VERSION = 1.0;
				PRODUCT_BUNDLE_IDENTIFIER = "hamadayuuki.zozo-ios-engineer-codecheckUITests";
				PRODUCT_NAME = "$(TARGET_NAME)";
				SWIFT_EMIT_LOC_STRINGS = NO;
				SWIFT_VERSION = 5.0;
				TARGETED_DEVICE_FAMILY = "1,2";
				TEST_TARGET_NAME = "zozo-ios-engineer-codecheck";
			};
			name = Debug;
		};
		49111C1E2C25193A009D66F8 /* Release */ = {
			isa = XCBuildConfiguration;
			buildSettings = {
				ALWAYS_EMBED_SWIFT_STANDARD_LIBRARIES = YES;
				CODE_SIGN_STYLE = Automatic;
				CURRENT_PROJECT_VERSION = 1;
				DEVELOPMENT_TEAM = BR3T8YBB5L;
				GENERATE_INFOPLIST_FILE = YES;
				MARKETING_VERSION = 1.0;
				PRODUCT_BUNDLE_IDENTIFIER = "hamadayuuki.zozo-ios-engineer-codecheckUITests";
				PRODUCT_NAME = "$(TARGET_NAME)";
				SWIFT_EMIT_LOC_STRINGS = NO;
				SWIFT_VERSION = 5.0;
				TARGETED_DEVICE_FAMILY = "1,2";
				TEST_TARGET_NAME = "zozo-ios-engineer-codecheck";
			};
			name = Release;
		};
/* End XCBuildConfiguration section */

/* Begin XCConfigurationList section */
		49111BE72C251938009D66F8 /* Build configuration list for PBXProject "zozo-ios-engineer-codecheck" */ = {
			isa = XCConfigurationList;
			buildConfigurations = (
				49111C142C25193A009D66F8 /* Debug */,
				49111C152C25193A009D66F8 /* Release */,
			);
			defaultConfigurationIsVisible = 0;
			defaultConfigurationName = Release;
		};
		49111C162C25193A009D66F8 /* Build configuration list for PBXNativeTarget "zozo-ios-engineer-codecheck" */ = {
			isa = XCConfigurationList;
			buildConfigurations = (
				49111C172C25193A009D66F8 /* Debug */,
				49111C182C25193A009D66F8 /* Release */,
			);
			defaultConfigurationIsVisible = 0;
			defaultConfigurationName = Release;
		};
		49111C192C25193A009D66F8 /* Build configuration list for PBXNativeTarget "zozo-ios-engineer-codecheckTests" */ = {
			isa = XCConfigurationList;
			buildConfigurations = (
				49111C1A2C25193A009D66F8 /* Debug */,
				49111C1B2C25193A009D66F8 /* Release */,
			);
			defaultConfigurationIsVisible = 0;
			defaultConfigurationName = Release;
		};
		49111C1C2C25193A009D66F8 /* Build configuration list for PBXNativeTarget "zozo-ios-engineer-codecheckUITests" */ = {
			isa = XCConfigurationList;
			buildConfigurations = (
				49111C1D2C25193A009D66F8 /* Debug */,
				49111C1E2C25193A009D66F8 /* Release */,
			);
			defaultConfigurationIsVisible = 0;
			defaultConfigurationName = Release;
		};
/* End XCConfigurationList section */

/* Begin XCRemoteSwiftPackageReference section */
		493468542DCB3A8F001B6A95 /* XCRemoteSwiftPackageReference "Kingfisher" */ = {
			isa = XCRemoteSwiftPackageReference;
			repositoryURL = "https://github.com/onevcat/Kingfisher.git";
			requirement = {
				kind = upToNextMajorVersion;
				minimumVersion = 8.3.2;
			};
		};
		49AC1FFC2DC324A30026D2F4 /* XCRemoteSwiftPackageReference "SnapKit" */ = {
			isa = XCRemoteSwiftPackageReference;
			repositoryURL = "https://github.com/SnapKit/SnapKit";
			requirement = {
				kind = upToNextMajorVersion;
				minimumVersion = 5.7.1;
			};
		};
/* End XCRemoteSwiftPackageReference section */

/* Begin XCSwiftPackageProductDependency section */
		493468552DCB3A8F001B6A95 /* Kingfisher */ = {
			isa = XCSwiftPackageProductDependency;
			package = 493468542DCB3A8F001B6A95 /* XCRemoteSwiftPackageReference "Kingfisher" */;
			productName = Kingfisher;
		};
		49AC1FFD2DC324A30026D2F4 /* SnapKit */ = {
			isa = XCSwiftPackageProductDependency;
			package = 49AC1FFC2DC324A30026D2F4 /* XCRemoteSwiftPackageReference "SnapKit" */;
			productName = SnapKit;
		};
/* End XCSwiftPackageProductDependency section */
	};
	rootObject = 49111BE42C251938009D66F8 /* Project object */;
}
